
Microsoft Visual Studio Solution File, Format Version 12.00
# Visual Studio Version 17
VisualStudioVersion = 17.1.32319.34
MinimumVisualStudioVersion = 10.0.40219.1
Project("{9A19103F-16F7-4668-BE54-9A1E7A4F7556}") = "CLase2_Ejercicio1", "CLase2_Ejercicio1\CLase2_Ejercicio1.csproj", "{54AB096F-D7FB-40D1-9773-781EB027B938}"
EndProject
Project("{2150E333-8FDC-42A3-9474-1A3956D46DE8}") = "Clase2", "Clase2", "{15FC4E0E-572F-4055-A9E7-A311FE314F85}"
EndProject
Project("{9A19103F-16F7-4668-BE54-9A1E7A4F7556}") = "Clase2_Ejercicio2", "Clase2_Ejercicio2\Clase2_Ejercicio2.csproj", "{37E77ECD-75F9-42D0-87FA-6429144ECBC8}"
EndProject
Project("{9A19103F-16F7-4668-BE54-9A1E7A4F7556}") = "Clase2_Ejercicio2_BIS", "Clase2_Ejercicio2_BIS\Clase2_Ejercicio2_BIS.csproj", "{F33F062C-FD72-414A-A0A1-AEAA9BCC8C8E}"
EndProject
Project("{9A19103F-16F7-4668-BE54-9A1E7A4F7556}") = "Clase2_Ejercicio4", "Clase2_Ejercicio4\Clase2_Ejercicio4.csproj", "{8EEDD2DC-69AC-4962-ADE6-BD78B265D818}"
EndProject
Project("{9A19103F-16F7-4668-BE54-9A1E7A4F7556}") = "Clase2_Ejercicio5", "Clase2_Ejercicio5\Clase2_Ejercicio5.csproj", "{34A757A9-8A92-4597-9C9A-BEC0CCA12E7C}"
EndProject
Project("{9A19103F-16F7-4668-BE54-9A1E7A4F7556}") = "Clase2_Ejercicio3", "ConvertirDecimalABinario\Clase2_Ejercicio3.csproj", "{3F55F50E-006C-41FF-95D6-625429E4FAC2}"
EndProject
Project("{2150E333-8FDC-42A3-9474-1A3956D46DE8}") = "Clase3", "Clase3", "{9D372CFF-C780-4126-9745-29CEB1A9252F}"
EndProject
Project("{9A19103F-16F7-4668-BE54-9A1E7A4F7556}") = "Clase3_ejercicio1", "Clase3_ejercicio1\Clase3_ejercicio1.csproj", "{C46FA46B-C567-4788-A86A-2CE3A960D763}"
EndProject
Project("{9A19103F-16F7-4668-BE54-9A1E7A4F7556}") = "Entidades", "Entidades\Entidades.csproj", "{8F9B493F-BDAE-43CA-BB13-E4597B21B21D}"
EndProject
Project("{9A19103F-16F7-4668-BE54-9A1E7A4F7556}") = "Clase3_Enercicio2", "Clase3_Enercicio2\Clase3_Enercicio2.csproj", "{22AC6966-3071-4026-9AA5-564FBCA1A400}"
EndProject
Project("{9A19103F-16F7-4668-BE54-9A1E7A4F7556}") = "Clase3_Ejercicio3", "Clase3_Ejercicio3\Clase3_Ejercicio3.csproj", "{3DBE5A73-947E-4F2C-B406-DDE06AF107B6}"
EndProject
Project("{2150E333-8FDC-42A3-9474-1A3956D46DE8}") = "Clase4", "Clase4", "{FF06E232-CE95-46CE-A13E-D98749986F8E}"
EndProject
Project("{9A19103F-16F7-4668-BE54-9A1E7A4F7556}") = "Clase4_Entidades", "Clase4_Entidades\Clase4_Entidades.csproj", "{D42744F1-3375-49EA-B7D4-DA361E00BD5A}"
EndProject
Project("{9A19103F-16F7-4668-BE54-9A1E7A4F7556}") = "Clase4_Ejercicio1", "Clase4_Ejercicio1\Clase4_Ejercicio1.csproj", "{82C5D227-73AD-4136-AB7E-A4210AEDB51B}"
EndProject
Project("{9A19103F-16F7-4668-BE54-9A1E7A4F7556}") = "Clase4_Ejercicio2", "Clase4_Ejercicio2\Clase4_Ejercicio2.csproj", "{87A07081-5BF3-48CD-8710-3344A9E10ED8}"
EndProject
Project("{9A19103F-16F7-4668-BE54-9A1E7A4F7556}") = "Clase4_Ejercicio3", "Clase4_Ejercicio3\Clase4_Ejercicio3.csproj", "{D5339EC2-5CD3-4883-9614-A86A21D8020F}"
EndProject
Project("{9A19103F-16F7-4668-BE54-9A1E7A4F7556}") = "Clase4_Ejercicio5", "Clase4_Ejercicio5\Clase4_Ejercicio5.csproj", "{3AF9C86A-8967-47BB-A2DC-C90A27D56C13}"
EndProject
Project("{2150E333-8FDC-42A3-9474-1A3956D46DE8}") = "Clase5", "Clase5", "{BA585951-AF77-4C38-9B3A-3BAA42540475}"
EndProject
Project("{9A19103F-16F7-4668-BE54-9A1E7A4F7556}") = "Clase_5_Ejercicio1", "Clase_5_Ejercicio1\Clase_5_Ejercicio1.csproj", "{CD54258D-F9D7-489E-B9AE-2508DCCA3A25}"
EndProject
Project("{9A19103F-16F7-4668-BE54-9A1E7A4F7556}") = "Clase5_Entidades", "Clase5_Entidades\Clase5_Entidades.csproj", "{9E164259-B5A0-4443-9C6A-5B68229E4C1A}"
EndProject
Project("{9A19103F-16F7-4668-BE54-9A1E7A4F7556}") = "Clase5_Ejercicio2", "Clase5_Ejercicio2\Clase5_Ejercicio2.csproj", "{BF9E7BC6-5FCB-4B13-A95C-C0C898758B13}"
EndProject
Project("{2150E333-8FDC-42A3-9474-1A3956D46DE8}") = "Clase6", "Clase6", "{10A7035B-C47B-4E6A-9019-6CD109169903}"
EndProject
Project("{9A19103F-16F7-4668-BE54-9A1E7A4F7556}") = "Clase6_ejercicio1", "Clase6_ejercicio1\Clase6_ejercicio1.csproj", "{7FDB98A5-91F5-4BA6-9E79-0F291A350970}"
EndProject
Project("{9A19103F-16F7-4668-BE54-9A1E7A4F7556}") = "Clase6_Ejercicio3", "Clase6_Ejercicio3\Clase6_Ejercicio3.csproj", "{9DD94144-0A16-4D5C-9F28-CB2F3B12180C}"
EndProject
Project("{9A19103F-16F7-4668-BE54-9A1E7A4F7556}") = "Clase6_Entidades", "Clase6_Entidades\Clase6_Entidades.csproj", "{8F4F0B7A-4D91-4DC5-87B4-E5765D6F6623}"
EndProject
Project("{2150E333-8FDC-42A3-9474-1A3956D46DE8}") = "Clase7", "Clase7", "{4760AB08-51BA-47B4-A923-715F8FF9A887}"
EndProject
Project("{9A19103F-16F7-4668-BE54-9A1E7A4F7556}") = "Clase7_Entidades", "Clase7_Entidades\Clase7_Entidades.csproj", "{21B0E83A-46EF-40E0-A96D-F18E97848260}"
EndProject
Project("{9A19103F-16F7-4668-BE54-9A1E7A4F7556}") = "Clase7_Ejercicio1", "Clase7_Ejercicio1\Clase7_Ejercicio1.csproj", "{4A05396F-FA87-4119-B85C-44F38FDE8488}"
EndProject
Project("{2150E333-8FDC-42A3-9474-1A3956D46DE8}") = "EjerciciosDeRepaso", "EjerciciosDeRepaso", "{733A31C1-F17D-4806-8AAC-5895986003E8}"
EndProject
Project("{9A19103F-16F7-4668-BE54-9A1E7A4F7556}") = "Repaso_Entidades", "Repaso_Entidades\Repaso_Entidades.csproj", "{95332E49-9E18-4A5C-AB1F-D585E5EA0B99}"
EndProject
Project("{9A19103F-16F7-4668-BE54-9A1E7A4F7556}") = "Repaso_Ejercicio_Ingregador", "Repaso_Ejercicio_Ingregador\Repaso_Ejercicio_Ingregador.csproj", "{FF132197-45C6-4CC7-824E-999D80506E92}"
EndProject
Project("{FAE04EC0-301F-11D3-BF4B-00C04F79EFBC}") = "Clase7_Ejercicio2", "Clase7_Ejercicio2\Clase7_Ejercicio2.csproj", "{11D86059-C502-470E-AB60-AC15EDF381A2}"
EndProject
Global
	GlobalSection(SolutionConfigurationPlatforms) = preSolution
		Debug|Any CPU = Debug|Any CPU
		Release|Any CPU = Release|Any CPU
	EndGlobalSection
	GlobalSection(ProjectConfigurationPlatforms) = postSolution
		{54AB096F-D7FB-40D1-9773-781EB027B938}.Debug|Any CPU.ActiveCfg = Debug|Any CPU
		{54AB096F-D7FB-40D1-9773-781EB027B938}.Debug|Any CPU.Build.0 = Debug|Any CPU
		{54AB096F-D7FB-40D1-9773-781EB027B938}.Release|Any CPU.ActiveCfg = Release|Any CPU
		{54AB096F-D7FB-40D1-9773-781EB027B938}.Release|Any CPU.Build.0 = Release|Any CPU
		{37E77ECD-75F9-42D0-87FA-6429144ECBC8}.Debug|Any CPU.ActiveCfg = Debug|Any CPU
		{37E77ECD-75F9-42D0-87FA-6429144ECBC8}.Debug|Any CPU.Build.0 = Debug|Any CPU
		{37E77ECD-75F9-42D0-87FA-6429144ECBC8}.Release|Any CPU.ActiveCfg = Release|Any CPU
		{37E77ECD-75F9-42D0-87FA-6429144ECBC8}.Release|Any CPU.Build.0 = Release|Any CPU
		{F33F062C-FD72-414A-A0A1-AEAA9BCC8C8E}.Debug|Any CPU.ActiveCfg = Debug|Any CPU
		{F33F062C-FD72-414A-A0A1-AEAA9BCC8C8E}.Debug|Any CPU.Build.0 = Debug|Any CPU
		{F33F062C-FD72-414A-A0A1-AEAA9BCC8C8E}.Release|Any CPU.ActiveCfg = Release|Any CPU
		{F33F062C-FD72-414A-A0A1-AEAA9BCC8C8E}.Release|Any CPU.Build.0 = Release|Any CPU
		{8EEDD2DC-69AC-4962-ADE6-BD78B265D818}.Debug|Any CPU.ActiveCfg = Debug|Any CPU
		{8EEDD2DC-69AC-4962-ADE6-BD78B265D818}.Debug|Any CPU.Build.0 = Debug|Any CPU
		{8EEDD2DC-69AC-4962-ADE6-BD78B265D818}.Release|Any CPU.ActiveCfg = Release|Any CPU
		{8EEDD2DC-69AC-4962-ADE6-BD78B265D818}.Release|Any CPU.Build.0 = Release|Any CPU
		{34A757A9-8A92-4597-9C9A-BEC0CCA12E7C}.Debug|Any CPU.ActiveCfg = Debug|Any CPU
		{34A757A9-8A92-4597-9C9A-BEC0CCA12E7C}.Debug|Any CPU.Build.0 = Debug|Any CPU
		{34A757A9-8A92-4597-9C9A-BEC0CCA12E7C}.Release|Any CPU.ActiveCfg = Release|Any CPU
		{34A757A9-8A92-4597-9C9A-BEC0CCA12E7C}.Release|Any CPU.Build.0 = Release|Any CPU
		{3F55F50E-006C-41FF-95D6-625429E4FAC2}.Debug|Any CPU.ActiveCfg = Debug|Any CPU
		{3F55F50E-006C-41FF-95D6-625429E4FAC2}.Debug|Any CPU.Build.0 = Debug|Any CPU
		{3F55F50E-006C-41FF-95D6-625429E4FAC2}.Release|Any CPU.ActiveCfg = Release|Any CPU
		{3F55F50E-006C-41FF-95D6-625429E4FAC2}.Release|Any CPU.Build.0 = Release|Any CPU
		{C46FA46B-C567-4788-A86A-2CE3A960D763}.Debug|Any CPU.ActiveCfg = Debug|Any CPU
		{C46FA46B-C567-4788-A86A-2CE3A960D763}.Debug|Any CPU.Build.0 = Debug|Any CPU
		{C46FA46B-C567-4788-A86A-2CE3A960D763}.Release|Any CPU.ActiveCfg = Release|Any CPU
		{C46FA46B-C567-4788-A86A-2CE3A960D763}.Release|Any CPU.Build.0 = Release|Any CPU
		{8F9B493F-BDAE-43CA-BB13-E4597B21B21D}.Debug|Any CPU.ActiveCfg = Debug|Any CPU
		{8F9B493F-BDAE-43CA-BB13-E4597B21B21D}.Debug|Any CPU.Build.0 = Debug|Any CPU
		{8F9B493F-BDAE-43CA-BB13-E4597B21B21D}.Release|Any CPU.ActiveCfg = Release|Any CPU
		{8F9B493F-BDAE-43CA-BB13-E4597B21B21D}.Release|Any CPU.Build.0 = Release|Any CPU
		{22AC6966-3071-4026-9AA5-564FBCA1A400}.Debug|Any CPU.ActiveCfg = Debug|Any CPU
		{22AC6966-3071-4026-9AA5-564FBCA1A400}.Debug|Any CPU.Build.0 = Debug|Any CPU
		{22AC6966-3071-4026-9AA5-564FBCA1A400}.Release|Any CPU.ActiveCfg = Release|Any CPU
		{22AC6966-3071-4026-9AA5-564FBCA1A400}.Release|Any CPU.Build.0 = Release|Any CPU
		{3DBE5A73-947E-4F2C-B406-DDE06AF107B6}.Debug|Any CPU.ActiveCfg = Debug|Any CPU
		{3DBE5A73-947E-4F2C-B406-DDE06AF107B6}.Debug|Any CPU.Build.0 = Debug|Any CPU
		{3DBE5A73-947E-4F2C-B406-DDE06AF107B6}.Release|Any CPU.ActiveCfg = Release|Any CPU
		{3DBE5A73-947E-4F2C-B406-DDE06AF107B6}.Release|Any CPU.Build.0 = Release|Any CPU
		{D42744F1-3375-49EA-B7D4-DA361E00BD5A}.Debug|Any CPU.ActiveCfg = Debug|Any CPU
		{D42744F1-3375-49EA-B7D4-DA361E00BD5A}.Debug|Any CPU.Build.0 = Debug|Any CPU
		{D42744F1-3375-49EA-B7D4-DA361E00BD5A}.Release|Any CPU.ActiveCfg = Release|Any CPU
		{D42744F1-3375-49EA-B7D4-DA361E00BD5A}.Release|Any CPU.Build.0 = Release|Any CPU
		{82C5D227-73AD-4136-AB7E-A4210AEDB51B}.Debug|Any CPU.ActiveCfg = Debug|Any CPU
		{82C5D227-73AD-4136-AB7E-A4210AEDB51B}.Debug|Any CPU.Build.0 = Debug|Any CPU
		{82C5D227-73AD-4136-AB7E-A4210AEDB51B}.Release|Any CPU.ActiveCfg = Release|Any CPU
		{82C5D227-73AD-4136-AB7E-A4210AEDB51B}.Release|Any CPU.Build.0 = Release|Any CPU
		{87A07081-5BF3-48CD-8710-3344A9E10ED8}.Debug|Any CPU.ActiveCfg = Debug|Any CPU
		{87A07081-5BF3-48CD-8710-3344A9E10ED8}.Debug|Any CPU.Build.0 = Debug|Any CPU
		{87A07081-5BF3-48CD-8710-3344A9E10ED8}.Release|Any CPU.ActiveCfg = Release|Any CPU
		{87A07081-5BF3-48CD-8710-3344A9E10ED8}.Release|Any CPU.Build.0 = Release|Any CPU
		{D5339EC2-5CD3-4883-9614-A86A21D8020F}.Debug|Any CPU.ActiveCfg = Debug|Any CPU
		{D5339EC2-5CD3-4883-9614-A86A21D8020F}.Debug|Any CPU.Build.0 = Debug|Any CPU
		{D5339EC2-5CD3-4883-9614-A86A21D8020F}.Release|Any CPU.ActiveCfg = Release|Any CPU
		{D5339EC2-5CD3-4883-9614-A86A21D8020F}.Release|Any CPU.Build.0 = Release|Any CPU
		{3AF9C86A-8967-47BB-A2DC-C90A27D56C13}.Debug|Any CPU.ActiveCfg = Debug|Any CPU
		{3AF9C86A-8967-47BB-A2DC-C90A27D56C13}.Debug|Any CPU.Build.0 = Debug|Any CPU
		{3AF9C86A-8967-47BB-A2DC-C90A27D56C13}.Release|Any CPU.ActiveCfg = Release|Any CPU
		{3AF9C86A-8967-47BB-A2DC-C90A27D56C13}.Release|Any CPU.Build.0 = Release|Any CPU
		{CD54258D-F9D7-489E-B9AE-2508DCCA3A25}.Debug|Any CPU.ActiveCfg = Debug|Any CPU
		{CD54258D-F9D7-489E-B9AE-2508DCCA3A25}.Debug|Any CPU.Build.0 = Debug|Any CPU
		{CD54258D-F9D7-489E-B9AE-2508DCCA3A25}.Release|Any CPU.ActiveCfg = Release|Any CPU
		{CD54258D-F9D7-489E-B9AE-2508DCCA3A25}.Release|Any CPU.Build.0 = Release|Any CPU
		{9E164259-B5A0-4443-9C6A-5B68229E4C1A}.Debug|Any CPU.ActiveCfg = Debug|Any CPU
		{9E164259-B5A0-4443-9C6A-5B68229E4C1A}.Debug|Any CPU.Build.0 = Debug|Any CPU
		{9E164259-B5A0-4443-9C6A-5B68229E4C1A}.Release|Any CPU.ActiveCfg = Release|Any CPU
		{9E164259-B5A0-4443-9C6A-5B68229E4C1A}.Release|Any CPU.Build.0 = Release|Any CPU
		{BF9E7BC6-5FCB-4B13-A95C-C0C898758B13}.Debug|Any CPU.ActiveCfg = Debug|Any CPU
		{BF9E7BC6-5FCB-4B13-A95C-C0C898758B13}.Debug|Any CPU.Build.0 = Debug|Any CPU
		{BF9E7BC6-5FCB-4B13-A95C-C0C898758B13}.Release|Any CPU.ActiveCfg = Release|Any CPU
		{BF9E7BC6-5FCB-4B13-A95C-C0C898758B13}.Release|Any CPU.Build.0 = Release|Any CPU
		{7FDB98A5-91F5-4BA6-9E79-0F291A350970}.Debug|Any CPU.ActiveCfg = Debug|Any CPU
		{7FDB98A5-91F5-4BA6-9E79-0F291A350970}.Debug|Any CPU.Build.0 = Debug|Any CPU
		{7FDB98A5-91F5-4BA6-9E79-0F291A350970}.Release|Any CPU.ActiveCfg = Release|Any CPU
		{7FDB98A5-91F5-4BA6-9E79-0F291A350970}.Release|Any CPU.Build.0 = Release|Any CPU
		{9DD94144-0A16-4D5C-9F28-CB2F3B12180C}.Debug|Any CPU.ActiveCfg = Debug|Any CPU
		{9DD94144-0A16-4D5C-9F28-CB2F3B12180C}.Debug|Any CPU.Build.0 = Debug|Any CPU
		{9DD94144-0A16-4D5C-9F28-CB2F3B12180C}.Release|Any CPU.ActiveCfg = Release|Any CPU
		{9DD94144-0A16-4D5C-9F28-CB2F3B12180C}.Release|Any CPU.Build.0 = Release|Any CPU
		{8F4F0B7A-4D91-4DC5-87B4-E5765D6F6623}.Debug|Any CPU.ActiveCfg = Debug|Any CPU
		{8F4F0B7A-4D91-4DC5-87B4-E5765D6F6623}.Debug|Any CPU.Build.0 = Debug|Any CPU
		{8F4F0B7A-4D91-4DC5-87B4-E5765D6F6623}.Release|Any CPU.ActiveCfg = Release|Any CPU
		{8F4F0B7A-4D91-4DC5-87B4-E5765D6F6623}.Release|Any CPU.Build.0 = Release|Any CPU
		{21B0E83A-46EF-40E0-A96D-F18E97848260}.Debug|Any CPU.ActiveCfg = Debug|Any CPU
		{21B0E83A-46EF-40E0-A96D-F18E97848260}.Debug|Any CPU.Build.0 = Debug|Any CPU
		{21B0E83A-46EF-40E0-A96D-F18E97848260}.Release|Any CPU.ActiveCfg = Release|Any CPU
		{21B0E83A-46EF-40E0-A96D-F18E97848260}.Release|Any CPU.Build.0 = Release|Any CPU
		{4A05396F-FA87-4119-B85C-44F38FDE8488}.Debug|Any CPU.ActiveCfg = Debug|Any CPU
		{4A05396F-FA87-4119-B85C-44F38FDE8488}.Debug|Any CPU.Build.0 = Debug|Any CPU
		{4A05396F-FA87-4119-B85C-44F38FDE8488}.Release|Any CPU.ActiveCfg = Release|Any CPU
		{4A05396F-FA87-4119-B85C-44F38FDE8488}.Release|Any CPU.Build.0 = Release|Any CPU
		{95332E49-9E18-4A5C-AB1F-D585E5EA0B99}.Debug|Any CPU.ActiveCfg = Debug|Any CPU
		{95332E49-9E18-4A5C-AB1F-D585E5EA0B99}.Debug|Any CPU.Build.0 = Debug|Any CPU
		{95332E49-9E18-4A5C-AB1F-D585E5EA0B99}.Release|Any CPU.ActiveCfg = Release|Any CPU
		{95332E49-9E18-4A5C-AB1F-D585E5EA0B99}.Release|Any CPU.Build.0 = Release|Any CPU
		{FF132197-45C6-4CC7-824E-999D80506E92}.Debug|Any CPU.ActiveCfg = Debug|Any CPU
		{FF132197-45C6-4CC7-824E-999D80506E92}.Debug|Any CPU.Build.0 = Debug|Any CPU
		{FF132197-45C6-4CC7-824E-999D80506E92}.Release|Any CPU.ActiveCfg = Release|Any CPU
		{FF132197-45C6-4CC7-824E-999D80506E92}.Release|Any CPU.Build.0 = Release|Any CPU
		{11D86059-C502-470E-AB60-AC15EDF381A2}.Debug|Any CPU.ActiveCfg = Debug|Any CPU
		{11D86059-C502-470E-AB60-AC15EDF381A2}.Debug|Any CPU.Build.0 = Debug|Any CPU
		{11D86059-C502-470E-AB60-AC15EDF381A2}.Release|Any CPU.ActiveCfg = Release|Any CPU
		{11D86059-C502-470E-AB60-AC15EDF381A2}.Release|Any CPU.Build.0 = Release|Any CPU
	EndGlobalSection
	GlobalSection(SolutionProperties) = preSolution
		HideSolutionNode = FALSE
	EndGlobalSection
	GlobalSection(NestedProjects) = preSolution
		{54AB096F-D7FB-40D1-9773-781EB027B938} = {15FC4E0E-572F-4055-A9E7-A311FE314F85}
		{37E77ECD-75F9-42D0-87FA-6429144ECBC8} = {15FC4E0E-572F-4055-A9E7-A311FE314F85}
		{F33F062C-FD72-414A-A0A1-AEAA9BCC8C8E} = {15FC4E0E-572F-4055-A9E7-A311FE314F85}
		{8EEDD2DC-69AC-4962-ADE6-BD78B265D818} = {15FC4E0E-572F-4055-A9E7-A311FE314F85}
		{34A757A9-8A92-4597-9C9A-BEC0CCA12E7C} = {15FC4E0E-572F-4055-A9E7-A311FE314F85}
		{3F55F50E-006C-41FF-95D6-625429E4FAC2} = {15FC4E0E-572F-4055-A9E7-A311FE314F85}
		{C46FA46B-C567-4788-A86A-2CE3A960D763} = {9D372CFF-C780-4126-9745-29CEB1A9252F}
		{8F9B493F-BDAE-43CA-BB13-E4597B21B21D} = {9D372CFF-C780-4126-9745-29CEB1A9252F}
		{22AC6966-3071-4026-9AA5-564FBCA1A400} = {9D372CFF-C780-4126-9745-29CEB1A9252F}
		{3DBE5A73-947E-4F2C-B406-DDE06AF107B6} = {9D372CFF-C780-4126-9745-29CEB1A9252F}
		{D42744F1-3375-49EA-B7D4-DA361E00BD5A} = {FF06E232-CE95-46CE-A13E-D98749986F8E}
		{82C5D227-73AD-4136-AB7E-A4210AEDB51B} = {FF06E232-CE95-46CE-A13E-D98749986F8E}
		{87A07081-5BF3-48CD-8710-3344A9E10ED8} = {FF06E232-CE95-46CE-A13E-D98749986F8E}
		{D5339EC2-5CD3-4883-9614-A86A21D8020F} = {FF06E232-CE95-46CE-A13E-D98749986F8E}
		{3AF9C86A-8967-47BB-A2DC-C90A27D56C13} = {FF06E232-CE95-46CE-A13E-D98749986F8E}
		{CD54258D-F9D7-489E-B9AE-2508DCCA3A25} = {BA585951-AF77-4C38-9B3A-3BAA42540475}
		{9E164259-B5A0-4443-9C6A-5B68229E4C1A} = {BA585951-AF77-4C38-9B3A-3BAA42540475}
		{BF9E7BC6-5FCB-4B13-A95C-C0C898758B13} = {BA585951-AF77-4C38-9B3A-3BAA42540475}
		{7FDB98A5-91F5-4BA6-9E79-0F291A350970} = {10A7035B-C47B-4E6A-9019-6CD109169903}
		{9DD94144-0A16-4D5C-9F28-CB2F3B12180C} = {10A7035B-C47B-4E6A-9019-6CD109169903}
		{8F4F0B7A-4D91-4DC5-87B4-E5765D6F6623} = {10A7035B-C47B-4E6A-9019-6CD109169903}
		{21B0E83A-46EF-40E0-A96D-F18E97848260} = {4760AB08-51BA-47B4-A923-715F8FF9A887}
		{4A05396F-FA87-4119-B85C-44F38FDE8488} = {4760AB08-51BA-47B4-A923-715F8FF9A887}
		{95332E49-9E18-4A5C-AB1F-D585E5EA0B99} = {733A31C1-F17D-4806-8AAC-5895986003E8}
		{FF132197-45C6-4CC7-824E-999D80506E92} = {733A31C1-F17D-4806-8AAC-5895986003E8}
		{11D86059-C502-470E-AB60-AC15EDF381A2} = {4760AB08-51BA-47B4-A923-715F8FF9A887}
	EndGlobalSection
	GlobalSection(ExtensibilityGlobals) = postSolution
		SolutionGuid = {B02E89E4-CA91-449D-A577-E137D06582DC}
	EndGlobalSection
EndGlobal
